
Microsoft Visual Studio Solution File, Format Version 12.00
# Visual Studio Version 17
VisualStudioVersion = 17.9.34616.47
MinimumVisualStudioVersion = 10.0.40219.1
Project("{FAE04EC0-301F-11D3-BF4B-00C04F79EFBC}") = "DTB", "DTB\DTB.csproj", "{D374D531-C5D8-4511-B09A-A95501F3A218}"
EndProject
Project("{FAE04EC0-301F-11D3-BF4B-00C04F79EFBC}") = "DTB.Infrastructure", "DTB.Infrastructure\DTB.Infrastructure.csproj", "{D6089031-927D-44BF-9437-92A272286BC6}"
EndProject
Project("{FAE04EC0-301F-11D3-BF4B-00C04F79EFBC}") = "DTB.Core", "DTB.Core\DTB.Core.csproj", "{4B4AC04E-9C25-48FA-A8E1-10D1C61E0A70}"
EndProject
Global
	GlobalSection(SolutionConfigurationPlatforms) = preSolution
		Debug|Any CPU = Debug|Any CPU
		Release|Any CPU = Release|Any CPU
	EndGlobalSection
	GlobalSection(ProjectConfigurationPlatforms) = postSolution
		{D374D531-C5D8-4511-B09A-A95501F3A218}.Debug|Any CPU.ActiveCfg = Debug|Any CPU
		{D374D531-C5D8-4511-B09A-A95501F3A218}.Debug|Any CPU.Build.0 = Debug|Any CPU
		{D374D531-C5D8-4511-B09A-A95501F3A218}.Release|Any CPU.ActiveCfg = Release|Any CPU
		{D374D531-C5D8-4511-B09A-A95501F3A218}.Release|Any CPU.Build.0 = Release|Any CPU
		{D6089031-927D-44BF-9437-92A272286BC6}.Debug|Any CPU.ActiveCfg = Debug|Any CPU
		{D6089031-927D-44BF-9437-92A272286BC6}.Debug|Any CPU.Build.0 = Debug|Any CPU
		{D6089031-927D-44BF-9437-92A272286BC6}.Release|Any CPU.ActiveCfg = Release|Any CPU
		{D6089031-927D-44BF-9437-92A272286BC6}.Release|Any CPU.Build.0 = Release|Any CPU
		{4B4AC04E-9C25-48FA-A8E1-10D1C61E0A70}.Debug|Any CPU.ActiveCfg = Debug|Any CPU
		{4B4AC04E-9C25-48FA-A8E1-10D1C61E0A70}.Debug|Any CPU.Build.0 = Debug|Any CPU
		{4B4AC04E-9C25-48FA-A8E1-10D1C61E0A70}.Release|Any CPU.ActiveCfg = Release|Any CPU
		{4B4AC04E-9C25-48FA-A8E1-10D1C61E0A70}.Release|Any CPU.Build.0 = Release|Any CPU
	EndGlobalSection
	GlobalSection(SolutionProperties) = preSolution
		HideSolutionNode = FALSE
	EndGlobalSection
	GlobalSection(ExtensibilityGlobals) = postSolution
		SolutionGuid = {32400C27-9C29-4072-BE85-ADFEC380F67D}
	EndGlobalSection
EndGlobal
